
Microsoft Visual Studio Solution File, Format Version 12.00
# Visual Studio 14
VisualStudioVersion = 14.0.25420.1
MinimumVisualStudioVersion = 10.0.40219.1
Project("{FAE04EC0-301F-11D3-BF4B-00C04F79EFBC}") = "XCurrencyApi", "XCurrencyApi\XCurrencyApi\XCurrencyApi.csproj", "{4D6110D6-A9F4-4030-9A29-23E2B137037D}"
EndProject
Project("{FAE04EC0-301F-11D3-BF4B-00C04F79EFBC}") = "XCurrencyApi.Droid", "XCurrencyApi\XCurrencyApi.Droid\XCurrencyApi.Droid.csproj", "{C5F0F06D-7166-427D-A79D-8FB7D1B476DC}"
EndProject
Project("{FAE04EC0-301F-11D3-BF4B-00C04F79EFBC}") = "XCurrencyApi.iOS", "XCurrencyApi\XCurrencyApi.iOS\XCurrencyApi.iOS.csproj", "{088A6DD1-131F-4231-9A7B-C179863AC96C}"
EndProject
Project("{FAE04EC0-301F-11D3-BF4B-00C04F79EFBC}") = "XCurrencyApi.UWP", "XCurrencyApi\XCurrencyApi.UWP\XCurrencyApi.UWP.csproj", "{8543D38D-F2E8-4DD9-A404-45EF587EBF17}"
EndProject
Global
	GlobalSection(SolutionConfigurationPlatforms) = preSolution
		Ad-Hoc|Any CPU = Ad-Hoc|Any CPU
		Ad-Hoc|ARM = Ad-Hoc|ARM
		Ad-Hoc|iPhone = Ad-Hoc|iPhone
		Ad-Hoc|iPhoneSimulator = Ad-Hoc|iPhoneSimulator
		Ad-Hoc|x64 = Ad-Hoc|x64
		Ad-Hoc|x86 = Ad-Hoc|x86
		AppStore|Any CPU = AppStore|Any CPU
		AppStore|ARM = AppStore|ARM
		AppStore|iPhone = AppStore|iPhone
		AppStore|iPhoneSimulator = AppStore|iPhoneSimulator
		AppStore|x64 = AppStore|x64
		AppStore|x86 = AppStore|x86
		Debug|Any CPU = Debug|Any CPU
		Debug|ARM = Debug|ARM
		Debug|iPhone = Debug|iPhone
		Debug|iPhoneSimulator = Debug|iPhoneSimulator
		Debug|x64 = Debug|x64
		Debug|x86 = Debug|x86
		Release|Any CPU = Release|Any CPU
		Release|ARM = Release|ARM
		Release|iPhone = Release|iPhone
		Release|iPhoneSimulator = Release|iPhoneSimulator
		Release|x64 = Release|x64
		Release|x86 = Release|x86
	EndGlobalSection
	GlobalSection(ProjectConfigurationPlatforms) = postSolution
		{4D6110D6-A9F4-4030-9A29-23E2B137037D}.Ad-Hoc|Any CPU.ActiveCfg = Release|Any CPU
		{4D6110D6-A9F4-4030-9A29-23E2B137037D}.Ad-Hoc|Any CPU.Build.0 = Release|Any CPU
		{4D6110D6-A9F4-4030-9A29-23E2B137037D}.Ad-Hoc|ARM.ActiveCfg = Release|Any CPU
		{4D6110D6-A9F4-4030-9A29-23E2B137037D}.Ad-Hoc|ARM.Build.0 = Release|Any CPU
		{4D6110D6-A9F4-4030-9A29-23E2B137037D}.Ad-Hoc|iPhone.ActiveCfg = Release|Any CPU
		{4D6110D6-A9F4-4030-9A29-23E2B137037D}.Ad-Hoc|iPhone.Build.0 = Release|Any CPU
		{4D6110D6-A9F4-4030-9A29-23E2B137037D}.Ad-Hoc|iPhoneSimulator.ActiveCfg = Release|Any CPU
		{4D6110D6-A9F4-4030-9A29-23E2B137037D}.Ad-Hoc|iPhoneSimulator.Build.0 = Release|Any CPU
		{4D6110D6-A9F4-4030-9A29-23E2B137037D}.Ad-Hoc|x64.ActiveCfg = Release|Any CPU
		{4D6110D6-A9F4-4030-9A29-23E2B137037D}.Ad-Hoc|x64.Build.0 = Release|Any CPU
		{4D6110D6-A9F4-4030-9A29-23E2B137037D}.Ad-Hoc|x86.ActiveCfg = Release|Any CPU
		{4D6110D6-A9F4-4030-9A29-23E2B137037D}.Ad-Hoc|x86.Build.0 = Release|Any CPU
		{4D6110D6-A9F4-4030-9A29-23E2B137037D}.AppStore|Any CPU.ActiveCfg = Release|Any CPU
		{4D6110D6-A9F4-4030-9A29-23E2B137037D}.AppStore|Any CPU.Build.0 = Release|Any CPU
		{4D6110D6-A9F4-4030-9A29-23E2B137037D}.AppStore|ARM.ActiveCfg = Release|Any CPU
		{4D6110D6-A9F4-4030-9A29-23E2B137037D}.AppStore|ARM.Build.0 = Release|Any CPU
		{4D6110D6-A9F4-4030-9A29-23E2B137037D}.AppStore|iPhone.ActiveCfg = Release|Any CPU
		{4D6110D6-A9F4-4030-9A29-23E2B137037D}.AppStore|iPhone.Build.0 = Release|Any CPU
		{4D6110D6-A9F4-4030-9A29-23E2B137037D}.AppStore|iPhoneSimulator.ActiveCfg = Release|Any CPU
		{4D6110D6-A9F4-4030-9A29-23E2B137037D}.AppStore|iPhoneSimulator.Build.0 = Release|Any CPU
		{4D6110D6-A9F4-4030-9A29-23E2B137037D}.AppStore|x64.ActiveCfg = Release|Any CPU
		{4D6110D6-A9F4-4030-9A29-23E2B137037D}.AppStore|x64.Build.0 = Release|Any CPU
		{4D6110D6-A9F4-4030-9A29-23E2B137037D}.AppStore|x86.ActiveCfg = Release|Any CPU
		{4D6110D6-A9F4-4030-9A29-23E2B137037D}.AppStore|x86.Build.0 = Release|Any CPU
		{4D6110D6-A9F4-4030-9A29-23E2B137037D}.Debug|Any CPU.ActiveCfg = Debug|Any CPU
		{4D6110D6-A9F4-4030-9A29-23E2B137037D}.Debug|Any CPU.Build.0 = Debug|Any CPU
		{4D6110D6-A9F4-4030-9A29-23E2B137037D}.Debug|ARM.ActiveCfg = Debug|Any CPU
		{4D6110D6-A9F4-4030-9A29-23E2B137037D}.Debug|ARM.Build.0 = Debug|Any CPU
		{4D6110D6-A9F4-4030-9A29-23E2B137037D}.Debug|iPhone.ActiveCfg = Debug|Any CPU
		{4D6110D6-A9F4-4030-9A29-23E2B137037D}.Debug|iPhone.Build.0 = Debug|Any CPU
		{4D6110D6-A9F4-4030-9A29-23E2B137037D}.Debug|iPhoneSimulator.ActiveCfg = Debug|Any CPU
		{4D6110D6-A9F4-4030-9A29-23E2B137037D}.Debug|iPhoneSimulator.Build.0 = Debug|Any CPU
		{4D6110D6-A9F4-4030-9A29-23E2B137037D}.Debug|x64.ActiveCfg = Debug|Any CPU
		{4D6110D6-A9F4-4030-9A29-23E2B137037D}.Debug|x64.Build.0 = Debug|Any CPU
		{4D6110D6-A9F4-4030-9A29-23E2B137037D}.Debug|x86.ActiveCfg = Debug|Any CPU
		{4D6110D6-A9F4-4030-9A29-23E2B137037D}.Debug|x86.Build.0 = Debug|Any CPU
		{4D6110D6-A9F4-4030-9A29-23E2B137037D}.Release|Any CPU.ActiveCfg = Release|Any CPU
		{4D6110D6-A9F4-4030-9A29-23E2B137037D}.Release|Any CPU.Build.0 = Release|Any CPU
		{4D6110D6-A9F4-4030-9A29-23E2B137037D}.Release|ARM.ActiveCfg = Release|Any CPU
		{4D6110D6-A9F4-4030-9A29-23E2B137037D}.Release|ARM.Build.0 = Release|Any CPU
		{4D6110D6-A9F4-4030-9A29-23E2B137037D}.Release|iPhone.ActiveCfg = Release|Any CPU
		{4D6110D6-A9F4-4030-9A29-23E2B137037D}.Release|iPhone.Build.0 = Release|Any CPU
		{4D6110D6-A9F4-4030-9A29-23E2B137037D}.Release|iPhoneSimulator.ActiveCfg = Release|Any CPU
		{4D6110D6-A9F4-4030-9A29-23E2B137037D}.Release|iPhoneSimulator.Build.0 = Release|Any CPU
		{4D6110D6-A9F4-4030-9A29-23E2B137037D}.Release|x64.ActiveCfg = Release|Any CPU
		{4D6110D6-A9F4-4030-9A29-23E2B137037D}.Release|x64.Build.0 = Release|Any CPU
		{4D6110D6-A9F4-4030-9A29-23E2B137037D}.Release|x86.ActiveCfg = Release|Any CPU
		{4D6110D6-A9F4-4030-9A29-23E2B137037D}.Release|x86.Build.0 = Release|Any CPU
		{C5F0F06D-7166-427D-A79D-8FB7D1B476DC}.Ad-Hoc|Any CPU.ActiveCfg = Release|Any CPU
		{C5F0F06D-7166-427D-A79D-8FB7D1B476DC}.Ad-Hoc|Any CPU.Build.0 = Release|Any CPU
		{C5F0F06D-7166-427D-A79D-8FB7D1B476DC}.Ad-Hoc|Any CPU.Deploy.0 = Release|Any CPU
		{C5F0F06D-7166-427D-A79D-8FB7D1B476DC}.Ad-Hoc|ARM.ActiveCfg = Release|Any CPU
		{C5F0F06D-7166-427D-A79D-8FB7D1B476DC}.Ad-Hoc|ARM.Build.0 = Release|Any CPU
		{C5F0F06D-7166-427D-A79D-8FB7D1B476DC}.Ad-Hoc|ARM.Deploy.0 = Release|Any CPU
		{C5F0F06D-7166-427D-A79D-8FB7D1B476DC}.Ad-Hoc|iPhone.ActiveCfg = Release|Any CPU
		{C5F0F06D-7166-427D-A79D-8FB7D1B476DC}.Ad-Hoc|iPhone.Build.0 = Release|Any CPU
		{C5F0F06D-7166-427D-A79D-8FB7D1B476DC}.Ad-Hoc|iPhone.Deploy.0 = Release|Any CPU
		{C5F0F06D-7166-427D-A79D-8FB7D1B476DC}.Ad-Hoc|iPhoneSimulator.ActiveCfg = Release|Any CPU
		{C5F0F06D-7166-427D-A79D-8FB7D1B476DC}.Ad-Hoc|iPhoneSimulator.Build.0 = Release|Any CPU
		{C5F0F06D-7166-427D-A79D-8FB7D1B476DC}.Ad-Hoc|iPhoneSimulator.Deploy.0 = Release|Any CPU
		{C5F0F06D-7166-427D-A79D-8FB7D1B476DC}.Ad-Hoc|x64.ActiveCfg = Release|Any CPU
		{C5F0F06D-7166-427D-A79D-8FB7D1B476DC}.Ad-Hoc|x64.Build.0 = Release|Any CPU
		{C5F0F06D-7166-427D-A79D-8FB7D1B476DC}.Ad-Hoc|x64.Deploy.0 = Release|Any CPU
		{C5F0F06D-7166-427D-A79D-8FB7D1B476DC}.Ad-Hoc|x86.ActiveCfg = Release|Any CPU
		{C5F0F06D-7166-427D-A79D-8FB7D1B476DC}.Ad-Hoc|x86.Build.0 = Release|Any CPU
		{C5F0F06D-7166-427D-A79D-8FB7D1B476DC}.Ad-Hoc|x86.Deploy.0 = Release|Any CPU
		{C5F0F06D-7166-427D-A79D-8FB7D1B476DC}.AppStore|Any CPU.ActiveCfg = Release|Any CPU
		{C5F0F06D-7166-427D-A79D-8FB7D1B476DC}.AppStore|Any CPU.Build.0 = Release|Any CPU
		{C5F0F06D-7166-427D-A79D-8FB7D1B476DC}.AppStore|Any CPU.Deploy.0 = Release|Any CPU
		{C5F0F06D-7166-427D-A79D-8FB7D1B476DC}.AppStore|ARM.ActiveCfg = Release|Any CPU
		{C5F0F06D-7166-427D-A79D-8FB7D1B476DC}.AppStore|ARM.Build.0 = Release|Any CPU
		{C5F0F06D-7166-427D-A79D-8FB7D1B476DC}.AppStore|ARM.Deploy.0 = Release|Any CPU
		{C5F0F06D-7166-427D-A79D-8FB7D1B476DC}.AppStore|iPhone.ActiveCfg = Release|Any CPU
		{C5F0F06D-7166-427D-A79D-8FB7D1B476DC}.AppStore|iPhone.Build.0 = Release|Any CPU
		{C5F0F06D-7166-427D-A79D-8FB7D1B476DC}.AppStore|iPhone.Deploy.0 = Release|Any CPU
		{C5F0F06D-7166-427D-A79D-8FB7D1B476DC}.AppStore|iPhoneSimulator.ActiveCfg = Release|Any CPU
		{C5F0F06D-7166-427D-A79D-8FB7D1B476DC}.AppStore|iPhoneSimulator.Build.0 = Release|Any CPU
		{C5F0F06D-7166-427D-A79D-8FB7D1B476DC}.AppStore|iPhoneSimulator.Deploy.0 = Release|Any CPU
		{C5F0F06D-7166-427D-A79D-8FB7D1B476DC}.AppStore|x64.ActiveCfg = Release|Any CPU
		{C5F0F06D-7166-427D-A79D-8FB7D1B476DC}.AppStore|x64.Build.0 = Release|Any CPU
		{C5F0F06D-7166-427D-A79D-8FB7D1B476DC}.AppStore|x64.Deploy.0 = Release|Any CPU
		{C5F0F06D-7166-427D-A79D-8FB7D1B476DC}.AppStore|x86.ActiveCfg = Release|Any CPU
		{C5F0F06D-7166-427D-A79D-8FB7D1B476DC}.AppStore|x86.Build.0 = Release|Any CPU
		{C5F0F06D-7166-427D-A79D-8FB7D1B476DC}.AppStore|x86.Deploy.0 = Release|Any CPU
		{C5F0F06D-7166-427D-A79D-8FB7D1B476DC}.Debug|Any CPU.ActiveCfg = Debug|Any CPU
		{C5F0F06D-7166-427D-A79D-8FB7D1B476DC}.Debug|Any CPU.Build.0 = Debug|Any CPU
		{C5F0F06D-7166-427D-A79D-8FB7D1B476DC}.Debug|Any CPU.Deploy.0 = Debug|Any CPU
		{C5F0F06D-7166-427D-A79D-8FB7D1B476DC}.Debug|ARM.ActiveCfg = Debug|Any CPU
		{C5F0F06D-7166-427D-A79D-8FB7D1B476DC}.Debug|ARM.Build.0 = Debug|Any CPU
		{C5F0F06D-7166-427D-A79D-8FB7D1B476DC}.Debug|ARM.Deploy.0 = Debug|Any CPU
		{C5F0F06D-7166-427D-A79D-8FB7D1B476DC}.Debug|iPhone.ActiveCfg = Debug|Any CPU
		{C5F0F06D-7166-427D-A79D-8FB7D1B476DC}.Debug|iPhone.Build.0 = Debug|Any CPU
		{C5F0F06D-7166-427D-A79D-8FB7D1B476DC}.Debug|iPhone.Deploy.0 = Debug|Any CPU
		{C5F0F06D-7166-427D-A79D-8FB7D1B476DC}.Debug|iPhoneSimulator.ActiveCfg = Debug|Any CPU
		{C5F0F06D-7166-427D-A79D-8FB7D1B476DC}.Debug|iPhoneSimulator.Build.0 = Debug|Any CPU
		{C5F0F06D-7166-427D-A79D-8FB7D1B476DC}.Debug|iPhoneSimulator.Deploy.0 = Debug|Any CPU
		{C5F0F06D-7166-427D-A79D-8FB7D1B476DC}.Debug|x64.ActiveCfg = Debug|Any CPU
		{C5F0F06D-7166-427D-A79D-8FB7D1B476DC}.Debug|x64.Build.0 = Debug|Any CPU
		{C5F0F06D-7166-427D-A79D-8FB7D1B476DC}.Debug|x64.Deploy.0 = Debug|Any CPU
		{C5F0F06D-7166-427D-A79D-8FB7D1B476DC}.Debug|x86.ActiveCfg = Debug|Any CPU
		{C5F0F06D-7166-427D-A79D-8FB7D1B476DC}.Debug|x86.Build.0 = Debug|Any CPU
		{C5F0F06D-7166-427D-A79D-8FB7D1B476DC}.Debug|x86.Deploy.0 = Debug|Any CPU
		{C5F0F06D-7166-427D-A79D-8FB7D1B476DC}.Release|Any CPU.ActiveCfg = Release|Any CPU
		{C5F0F06D-7166-427D-A79D-8FB7D1B476DC}.Release|Any CPU.Build.0 = Release|Any CPU
		{C5F0F06D-7166-427D-A79D-8FB7D1B476DC}.Release|Any CPU.Deploy.0 = Release|Any CPU
		{C5F0F06D-7166-427D-A79D-8FB7D1B476DC}.Release|ARM.ActiveCfg = Release|Any CPU
		{C5F0F06D-7166-427D-A79D-8FB7D1B476DC}.Release|ARM.Build.0 = Release|Any CPU
		{C5F0F06D-7166-427D-A79D-8FB7D1B476DC}.Release|ARM.Deploy.0 = Release|Any CPU
		{C5F0F06D-7166-427D-A79D-8FB7D1B476DC}.Release|iPhone.ActiveCfg = Release|Any CPU
		{C5F0F06D-7166-427D-A79D-8FB7D1B476DC}.Release|iPhone.Build.0 = Release|Any CPU
		{C5F0F06D-7166-427D-A79D-8FB7D1B476DC}.Release|iPhone.Deploy.0 = Release|Any CPU
		{C5F0F06D-7166-427D-A79D-8FB7D1B476DC}.Release|iPhoneSimulator.ActiveCfg = Release|Any CPU
		{C5F0F06D-7166-427D-A79D-8FB7D1B476DC}.Release|iPhoneSimulator.Build.0 = Release|Any CPU
		{C5F0F06D-7166-427D-A79D-8FB7D1B476DC}.Release|iPhoneSimulator.Deploy.0 = Release|Any CPU
		{C5F0F06D-7166-427D-A79D-8FB7D1B476DC}.Release|x64.ActiveCfg = Release|Any CPU
		{C5F0F06D-7166-427D-A79D-8FB7D1B476DC}.Release|x64.Build.0 = Release|Any CPU
		{C5F0F06D-7166-427D-A79D-8FB7D1B476DC}.Release|x64.Deploy.0 = Release|Any CPU
		{C5F0F06D-7166-427D-A79D-8FB7D1B476DC}.Release|x86.ActiveCfg = Release|Any CPU
		{C5F0F06D-7166-427D-A79D-8FB7D1B476DC}.Release|x86.Build.0 = Release|Any CPU
		{C5F0F06D-7166-427D-A79D-8FB7D1B476DC}.Release|x86.Deploy.0 = Release|Any CPU
		{088A6DD1-131F-4231-9A7B-C179863AC96C}.Ad-Hoc|Any CPU.ActiveCfg = Ad-Hoc|iPhone
		{088A6DD1-131F-4231-9A7B-C179863AC96C}.Ad-Hoc|ARM.ActiveCfg = Ad-Hoc|iPhone
		{088A6DD1-131F-4231-9A7B-C179863AC96C}.Ad-Hoc|iPhone.ActiveCfg = Ad-Hoc|iPhone
		{088A6DD1-131F-4231-9A7B-C179863AC96C}.Ad-Hoc|iPhone.Build.0 = Ad-Hoc|iPhone
		{088A6DD1-131F-4231-9A7B-C179863AC96C}.Ad-Hoc|iPhoneSimulator.ActiveCfg = Ad-Hoc|iPhoneSimulator
		{088A6DD1-131F-4231-9A7B-C179863AC96C}.Ad-Hoc|iPhoneSimulator.Build.0 = Ad-Hoc|iPhoneSimulator
		{088A6DD1-131F-4231-9A7B-C179863AC96C}.Ad-Hoc|x64.ActiveCfg = Ad-Hoc|iPhone
		{088A6DD1-131F-4231-9A7B-C179863AC96C}.Ad-Hoc|x86.ActiveCfg = Ad-Hoc|iPhone
		{088A6DD1-131F-4231-9A7B-C179863AC96C}.AppStore|Any CPU.ActiveCfg = AppStore|iPhone
		{088A6DD1-131F-4231-9A7B-C179863AC96C}.AppStore|ARM.ActiveCfg = AppStore|iPhone
		{088A6DD1-131F-4231-9A7B-C179863AC96C}.AppStore|iPhone.ActiveCfg = AppStore|iPhone
		{088A6DD1-131F-4231-9A7B-C179863AC96C}.AppStore|iPhone.Build.0 = AppStore|iPhone
		{088A6DD1-131F-4231-9A7B-C179863AC96C}.AppStore|iPhoneSimulator.ActiveCfg = AppStore|iPhoneSimulator
		{088A6DD1-131F-4231-9A7B-C179863AC96C}.AppStore|iPhoneSimulator.Build.0 = AppStore|iPhoneSimulator
		{088A6DD1-131F-4231-9A7B-C179863AC96C}.AppStore|x64.ActiveCfg = AppStore|iPhone
		{088A6DD1-131F-4231-9A7B-C179863AC96C}.AppStore|x86.ActiveCfg = AppStore|iPhone
		{088A6DD1-131F-4231-9A7B-C179863AC96C}.Debug|Any CPU.ActiveCfg = Debug|iPhone
		{088A6DD1-131F-4231-9A7B-C179863AC96C}.Debug|ARM.ActiveCfg = Debug|iPhone
		{088A6DD1-131F-4231-9A7B-C179863AC96C}.Debug|iPhone.ActiveCfg = Debug|iPhone
		{088A6DD1-131F-4231-9A7B-C179863AC96C}.Debug|iPhone.Build.0 = Debug|iPhone
		{088A6DD1-131F-4231-9A7B-C179863AC96C}.Debug|iPhoneSimulator.ActiveCfg = Debug|iPhoneSimulator
		{088A6DD1-131F-4231-9A7B-C179863AC96C}.Debug|iPhoneSimulator.Build.0 = Debug|iPhoneSimulator
		{088A6DD1-131F-4231-9A7B-C179863AC96C}.Debug|x64.ActiveCfg = Debug|iPhone
		{088A6DD1-131F-4231-9A7B-C179863AC96C}.Debug|x86.ActiveCfg = Debug|iPhone
		{088A6DD1-131F-4231-9A7B-C179863AC96C}.Release|Any CPU.ActiveCfg = Release|iPhone
		{088A6DD1-131F-4231-9A7B-C179863AC96C}.Release|ARM.ActiveCfg = Release|iPhone
		{088A6DD1-131F-4231-9A7B-C179863AC96C}.Release|iPhone.ActiveCfg = Release|iPhone
		{088A6DD1-131F-4231-9A7B-C179863AC96C}.Release|iPhone.Build.0 = Release|iPhone
		{088A6DD1-131F-4231-9A7B-C179863AC96C}.Release|iPhoneSimulator.ActiveCfg = Release|iPhoneSimulator
		{088A6DD1-131F-4231-9A7B-C179863AC96C}.Release|iPhoneSimulator.Build.0 = Release|iPhoneSimulator
		{088A6DD1-131F-4231-9A7B-C179863AC96C}.Release|x64.ActiveCfg = Release|iPhone
		{088A6DD1-131F-4231-9A7B-C179863AC96C}.Release|x86.ActiveCfg = Release|iPhone
		{8543D38D-F2E8-4DD9-A404-45EF587EBF17}.Ad-Hoc|Any CPU.ActiveCfg = Release|x86
		{8543D38D-F2E8-4DD9-A404-45EF587EBF17}.Ad-Hoc|Any CPU.Build.0 = Release|x86
		{8543D38D-F2E8-4DD9-A404-45EF587EBF17}.Ad-Hoc|Any CPU.Deploy.0 = Release|x86
		{8543D38D-F2E8-4DD9-A404-45EF587EBF17}.Ad-Hoc|ARM.ActiveCfg = Release|ARM
		{8543D38D-F2E8-4DD9-A404-45EF587EBF17}.Ad-Hoc|ARM.Build.0 = Release|ARM
		{8543D38D-F2E8-4DD9-A404-45EF587EBF17}.Ad-Hoc|ARM.Deploy.0 = Release|ARM
		{8543D38D-F2E8-4DD9-A404-45EF587EBF17}.Ad-Hoc|iPhone.ActiveCfg = Release|x86
		{8543D38D-F2E8-4DD9-A404-45EF587EBF17}.Ad-Hoc|iPhone.Build.0 = Release|x86
		{8543D38D-F2E8-4DD9-A404-45EF587EBF17}.Ad-Hoc|iPhone.Deploy.0 = Release|x86
		{8543D38D-F2E8-4DD9-A404-45EF587EBF17}.Ad-Hoc|iPhoneSimulator.ActiveCfg = Release|x86
		{8543D38D-F2E8-4DD9-A404-45EF587EBF17}.Ad-Hoc|iPhoneSimulator.Build.0 = Release|x86
		{8543D38D-F2E8-4DD9-A404-45EF587EBF17}.Ad-Hoc|iPhoneSimulator.Deploy.0 = Release|x86
		{8543D38D-F2E8-4DD9-A404-45EF587EBF17}.Ad-Hoc|x64.ActiveCfg = Release|x64
		{8543D38D-F2E8-4DD9-A404-45EF587EBF17}.Ad-Hoc|x64.Build.0 = Release|x64
		{8543D38D-F2E8-4DD9-A404-45EF587EBF17}.Ad-Hoc|x64.Deploy.0 = Release|x64
		{8543D38D-F2E8-4DD9-A404-45EF587EBF17}.Ad-Hoc|x86.ActiveCfg = Release|x86
		{8543D38D-F2E8-4DD9-A404-45EF587EBF17}.Ad-Hoc|x86.Build.0 = Release|x86
		{8543D38D-F2E8-4DD9-A404-45EF587EBF17}.Ad-Hoc|x86.Deploy.0 = Release|x86
		{8543D38D-F2E8-4DD9-A404-45EF587EBF17}.AppStore|Any CPU.ActiveCfg = Release|x86
		{8543D38D-F2E8-4DD9-A404-45EF587EBF17}.AppStore|Any CPU.Build.0 = Release|x86
		{8543D38D-F2E8-4DD9-A404-45EF587EBF17}.AppStore|Any CPU.Deploy.0 = Release|x86
		{8543D38D-F2E8-4DD9-A404-45EF587EBF17}.AppStore|ARM.ActiveCfg = Release|ARM
		{8543D38D-F2E8-4DD9-A404-45EF587EBF17}.AppStore|ARM.Build.0 = Release|ARM
		{8543D38D-F2E8-4DD9-A404-45EF587EBF17}.AppStore|ARM.Deploy.0 = Release|ARM
		{8543D38D-F2E8-4DD9-A404-45EF587EBF17}.AppStore|iPhone.ActiveCfg = Release|x86
		{8543D38D-F2E8-4DD9-A404-45EF587EBF17}.AppStore|iPhone.Build.0 = Release|x86
		{8543D38D-F2E8-4DD9-A404-45EF587EBF17}.AppStore|iPhone.Deploy.0 = Release|x86
		{8543D38D-F2E8-4DD9-A404-45EF587EBF17}.AppStore|iPhoneSimulator.ActiveCfg = Release|x86
		{8543D38D-F2E8-4DD9-A404-45EF587EBF17}.AppStore|iPhoneSimulator.Build.0 = Release|x86
		{8543D38D-F2E8-4DD9-A404-45EF587EBF17}.AppStore|iPhoneSimulator.Deploy.0 = Release|x86
		{8543D38D-F2E8-4DD9-A404-45EF587EBF17}.AppStore|x64.ActiveCfg = Release|x64
		{8543D38D-F2E8-4DD9-A404-45EF587EBF17}.AppStore|x64.Build.0 = Release|x64
		{8543D38D-F2E8-4DD9-A404-45EF587EBF17}.AppStore|x64.Deploy.0 = Release|x64
		{8543D38D-F2E8-4DD9-A404-45EF587EBF17}.AppStore|x86.ActiveCfg = Release|x86
		{8543D38D-F2E8-4DD9-A404-45EF587EBF17}.AppStore|x86.Build.0 = Release|x86
		{8543D38D-F2E8-4DD9-A404-45EF587EBF17}.AppStore|x86.Deploy.0 = Release|x86
		{8543D38D-F2E8-4DD9-A404-45EF587EBF17}.Debug|Any CPU.ActiveCfg = Debug|x86
		{8543D38D-F2E8-4DD9-A404-45EF587EBF17}.Debug|ARM.ActiveCfg = Debug|ARM
		{8543D38D-F2E8-4DD9-A404-45EF587EBF17}.Debug|ARM.Build.0 = Debug|ARM
		{8543D38D-F2E8-4DD9-A404-45EF587EBF17}.Debug|ARM.Deploy.0 = Debug|ARM
		{8543D38D-F2E8-4DD9-A404-45EF587EBF17}.Debug|iPhone.ActiveCfg = Debug|x86
		{8543D38D-F2E8-4DD9-A404-45EF587EBF17}.Debug|iPhone.Build.0 = Debug|x86
		{8543D38D-F2E8-4DD9-A404-45EF587EBF17}.Debug|iPhone.Deploy.0 = Debug|x86
		{8543D38D-F2E8-4DD9-A404-45EF587EBF17}.Debug|iPhoneSimulator.ActiveCfg = Debug|x86
		{8543D38D-F2E8-4DD9-A404-45EF587EBF17}.Debug|x64.ActiveCfg = Debug|x64
		{8543D38D-F2E8-4DD9-A404-45EF587EBF17}.Debug|x64.Build.0 = Debug|x64
		{8543D38D-F2E8-4DD9-A404-45EF587EBF17}.Debug|x64.Deploy.0 = Debug|x64
		{8543D38D-F2E8-4DD9-A404-45EF587EBF17}.Debug|x86.ActiveCfg = Debug|x86
		{8543D38D-F2E8-4DD9-A404-45EF587EBF17}.Debug|x86.Build.0 = Debug|x86
		{8543D38D-F2E8-4DD9-A404-45EF587EBF17}.Debug|x86.Deploy.0 = Debug|x86
		{8543D38D-F2E8-4DD9-A404-45EF587EBF17}.Release|Any CPU.ActiveCfg = Release|x86
		{8543D38D-F2E8-4DD9-A404-45EF587EBF17}.Release|ARM.ActiveCfg = Release|ARM
		{8543D38D-F2E8-4DD9-A404-45EF587EBF17}.Release|ARM.Build.0 = Release|ARM
		{8543D38D-F2E8-4DD9-A404-45EF587EBF17}.Release|ARM.Deploy.0 = Release|ARM
		{8543D38D-F2E8-4DD9-A404-45EF587EBF17}.Release|iPhone.ActiveCfg = Release|x86
		{8543D38D-F2E8-4DD9-A404-45EF587EBF17}.Release|iPhoneSimulator.ActiveCfg = Release|x86
		{8543D38D-F2E8-4DD9-A404-45EF587EBF17}.Release|x64.ActiveCfg = Release|x64
		{8543D38D-F2E8-4DD9-A404-45EF587EBF17}.Release|x64.Build.0 = Release|x64
		{8543D38D-F2E8-4DD9-A404-45EF587EBF17}.Release|x64.Deploy.0 = Release|x64
		{8543D38D-F2E8-4DD9-A404-45EF587EBF17}.Release|x86.ActiveCfg = Release|x86
		{8543D38D-F2E8-4DD9-A404-45EF587EBF17}.Release|x86.Build.0 = Release|x86
		{8543D38D-F2E8-4DD9-A404-45EF587EBF17}.Release|x86.Deploy.0 = Release|x86
	EndGlobalSection
	GlobalSection(SolutionProperties) = preSolution
		HideSolutionNode = FALSE
	EndGlobalSection
EndGlobal
